
Microsoft Visual Studio Solution File, Format Version 12.00
# Visual Studio Version 16
VisualStudioVersion = 16.0.31129.286
MinimumVisualStudioVersion = 10.0.40219.1
Project("{9A19103F-16F7-4668-BE54-9A1E7A4F7556}") = "Iron.OldMobileKeypad", "Iron.OldMobileKeypad.csproj", "{4BAC5665-56FE-415D-8A61-F243E461815D}"
EndProject
Project("{9A19103F-16F7-4668-BE54-9A1E7A4F7556}") = "Iron.OldMobileKeypad.Services", "..\Iron.OldMobileKeypad.Services\Iron.OldMobileKeypad.Services.csproj", "{EEB15EB1-4101-4F56-ABB9-F2A276FC4F45}"
EndProject
Project("{9A19103F-16F7-4668-BE54-9A1E7A4F7556}") = "Iron.Tests", "..\Iron.Tests\Iron.Tests.csproj", "{9901F57C-30D3-43D4-ACA7-FC938DB73EA5}"
EndProject
Project("{9A19103F-16F7-4668-BE54-9A1E7A4F7556}") = "Iron.Common", "..\Iron.Common\Iron.Common.csproj", "{718DE579-5124-49BC-9E08-0FD36D9ED6C0}"
EndProject
Global
	GlobalSection(SolutionConfigurationPlatforms) = preSolution
		Debug|Any CPU = Debug|Any CPU
		Release|Any CPU = Release|Any CPU
	EndGlobalSection
	GlobalSection(ProjectConfigurationPlatforms) = postSolution
		{4BAC5665-56FE-415D-8A61-F243E461815D}.Debug|Any CPU.ActiveCfg = Debug|Any CPU
		{4BAC5665-56FE-415D-8A61-F243E461815D}.Debug|Any CPU.Build.0 = Debug|Any CPU
		{4BAC5665-56FE-415D-8A61-F243E461815D}.Release|Any CPU.ActiveCfg = Release|Any CPU
		{4BAC5665-56FE-415D-8A61-F243E461815D}.Release|Any CPU.Build.0 = Release|Any CPU
		{EEB15EB1-4101-4F56-ABB9-F2A276FC4F45}.Debug|Any CPU.ActiveCfg = Debug|Any CPU
		{EEB15EB1-4101-4F56-ABB9-F2A276FC4F45}.Debug|Any CPU.Build.0 = Debug|Any CPU
		{EEB15EB1-4101-4F56-ABB9-F2A276FC4F45}.Release|Any CPU.ActiveCfg = Release|Any CPU
		{EEB15EB1-4101-4F56-ABB9-F2A276FC4F45}.Release|Any CPU.Build.0 = Release|Any CPU
		{9901F57C-30D3-43D4-ACA7-FC938DB73EA5}.Debug|Any CPU.ActiveCfg = Debug|Any CPU
		{9901F57C-30D3-43D4-ACA7-FC938DB73EA5}.Debug|Any CPU.Build.0 = Debug|Any CPU
		{9901F57C-30D3-43D4-ACA7-FC938DB73EA5}.Release|Any CPU.ActiveCfg = Release|Any CPU
		{9901F57C-30D3-43D4-ACA7-FC938DB73EA5}.Release|Any CPU.Build.0 = Release|Any CPU
		{718DE579-5124-49BC-9E08-0FD36D9ED6C0}.Debug|Any CPU.ActiveCfg = Debug|Any CPU
		{718DE579-5124-49BC-9E08-0FD36D9ED6C0}.Debug|Any CPU.Build.0 = Debug|Any CPU
		{718DE579-5124-49BC-9E08-0FD36D9ED6C0}.Release|Any CPU.ActiveCfg = Release|Any CPU
		{718DE579-5124-49BC-9E08-0FD36D9ED6C0}.Release|Any CPU.Build.0 = Release|Any CPU
	EndGlobalSection
	GlobalSection(SolutionProperties) = preSolution
		HideSolutionNode = FALSE
	EndGlobalSection
	GlobalSection(ExtensibilityGlobals) = postSolution
		SolutionGuid = {65789038-8527-4F74-9CE3-6E5CEFCD27EA}
	EndGlobalSection
EndGlobal
